
Microsoft Visual Studio Solution File, Format Version 12.00
# Visual Studio Version 16
VisualStudioVersion = 16.0.31911.196
MinimumVisualStudioVersion = 10.0.40219.1
Project("{FAE04EC0-301F-11D3-BF4B-00C04F79EFBC}") = "testproject", "testproject\testproject.csproj", "{A5EC7CEE-575D-48ED-8C7C-1A5D2832377D}"
EndProject
Global
	GlobalSection(SolutionConfigurationPlatforms) = preSolution
		Debug|Any CPU = Debug|Any CPU
		Release|Any CPU = Release|Any CPU
	EndGlobalSection
	GlobalSection(ProjectConfigurationPlatforms) = postSolution
		{A5EC7CEE-575D-48ED-8C7C-1A5D2832377D}.Debug|Any CPU.ActiveCfg = Debug|Any CPU
		{A5EC7CEE-575D-48ED-8C7C-1A5D2832377D}.Debug|Any CPU.Build.0 = Debug|Any CPU
		{A5EC7CEE-575D-48ED-8C7C-1A5D2832377D}.Release|Any CPU.ActiveCfg = Release|Any CPU
		{A5EC7CEE-575D-48ED-8C7C-1A5D2832377D}.Release|Any CPU.Build.0 = Release|Any CPU
	EndGlobalSection
	GlobalSection(SolutionProperties) = preSolution
		HideSolutionNode = FALSE
	EndGlobalSection
	GlobalSection(ExtensibilityGlobals) = postSolution
		SolutionGuid = {67A1E974-E02E-4A33-8055-834A7D235114}
	EndGlobalSection
EndGlobal
